
Microsoft Visual Studio Solution File, Format Version 12.00
# Visual Studio 14
VisualStudioVersion = 14.0.23107.0
MinimumVisualStudioVersion = 10.0.40219.1
Project("{FAE04EC0-301F-11D3-BF4B-00C04F79EFBC}") = "skynet", "medium\skynet\skynet.csproj", "{8E6449A6-6AD8-43F2-8D8F-C5DB9A84FBB4}"
EndProject
Project("{2150E333-8FDC-42A3-9474-1A3956D46DE8}") = "Solution Items", "Solution Items", "{A01947B4-A6FB-44FB-91FB-F1A82C4A21D0}"
	ProjectSection(SolutionItems) = preProject
		GenericGraph.cs = GenericGraph.cs
		LICENSE = LICENSE
		README.md = README.md
	EndProjectSection
EndProject
Global
	GlobalSection(SolutionConfigurationPlatforms) = preSolution
		Debug|Any CPU = Debug|Any CPU
		Release|Any CPU = Release|Any CPU
	EndGlobalSection
	GlobalSection(ProjectConfigurationPlatforms) = postSolution
		{8E6449A6-6AD8-43F2-8D8F-C5DB9A84FBB4}.Debug|Any CPU.ActiveCfg = Debug|Any CPU
		{8E6449A6-6AD8-43F2-8D8F-C5DB9A84FBB4}.Debug|Any CPU.Build.0 = Debug|Any CPU
		{8E6449A6-6AD8-43F2-8D8F-C5DB9A84FBB4}.Release|Any CPU.ActiveCfg = Release|Any CPU
		{8E6449A6-6AD8-43F2-8D8F-C5DB9A84FBB4}.Release|Any CPU.Build.0 = Release|Any CPU
	EndGlobalSection
	GlobalSection(SolutionProperties) = preSolution
		HideSolutionNode = FALSE
	EndGlobalSection
EndGlobal
