
Microsoft Visual Studio Solution File, Format Version 12.00
# Visual Studio 14
VisualStudioVersion = 14.0.23107.0
MinimumVisualStudioVersion = 10.0.40219.1
Project("{FAE04EC0-301F-11D3-BF4B-00C04F79EFBC}") = "skynet", "medium\skynet\skynet.csproj", "{8E6449A6-6AD8-43F2-8D8F-C5DB9A84FBB4}"
EndProject
Project("{2150E333-8FDC-42A3-9474-1A3956D46DE8}") = "Solution Items", "Solution Items", "{A01947B4-A6FB-44FB-91FB-F1A82C4A21D0}"
	ProjectSection(SolutionItems) = preProject
		GenericGraph.cs = GenericGraph.cs
		LICENSE = LICENSE
		README.md = README.md
	EndProjectSection
EndProject
Project("{FAE04EC0-301F-11D3-BF4B-00C04F79EFBC}") = "apu", "medium\apu\apu.csproj", "{3FF9DC1A-02FE-4CB1-ABB5-5B57409AA16F}"
EndProject
Project("{FAE04EC0-301F-11D3-BF4B-00C04F79EFBC}") = "treads", "medium\treads\treads.csproj", "{93399349-9B06-4E41-9EC3-2C0CEC94473F}"
EndProject
Project("{FAE04EC0-301F-11D3-BF4B-00C04F79EFBC}") = "telephone", "medium\telephone\telephone.csproj", "{A8A515CA-D6FC-4D1E-B5CC-C24286BB7E52}"
EndProject
Project("{FAE04EC0-301F-11D3-BF4B-00C04F79EFBC}") = "indiana", "medium\indiana\indiana.csproj", "{4EC91E55-C2F5-4DEE-8A30-9F29BE8385B0}"
EndProject
Project("{FAE04EC0-301F-11D3-BF4B-00C04F79EFBC}") = "asciart", "easy\asciart\asciart.csproj", "{04242AE2-AAF0-410F-A79B-EBE916C0A5D4}"
EndProject
Project("{FAE04EC0-301F-11D3-BF4B-00C04F79EFBC}") = "skynet_h", "hard\skynet_h\skynet_h.csproj", "{D572186D-DE21-494D-BA39-202FF207120C}"
EndProject
Project("{FAE04EC0-301F-11D3-BF4B-00C04F79EFBC}") = "mayan.calculation", "medium\mayan.calculation\mayan.calculation.csproj", "{C3B057D7-691B-4C5F-A837-766500F237BF}"
EndProject
Global
	GlobalSection(SolutionConfigurationPlatforms) = preSolution
		Debug|Any CPU = Debug|Any CPU
		Release|Any CPU = Release|Any CPU
	EndGlobalSection
	GlobalSection(ProjectConfigurationPlatforms) = postSolution
		{8E6449A6-6AD8-43F2-8D8F-C5DB9A84FBB4}.Debug|Any CPU.ActiveCfg = Debug|Any CPU
		{8E6449A6-6AD8-43F2-8D8F-C5DB9A84FBB4}.Debug|Any CPU.Build.0 = Debug|Any CPU
		{8E6449A6-6AD8-43F2-8D8F-C5DB9A84FBB4}.Release|Any CPU.ActiveCfg = Release|Any CPU
		{8E6449A6-6AD8-43F2-8D8F-C5DB9A84FBB4}.Release|Any CPU.Build.0 = Release|Any CPU
		{3FF9DC1A-02FE-4CB1-ABB5-5B57409AA16F}.Debug|Any CPU.ActiveCfg = Debug|Any CPU
		{3FF9DC1A-02FE-4CB1-ABB5-5B57409AA16F}.Debug|Any CPU.Build.0 = Debug|Any CPU
		{3FF9DC1A-02FE-4CB1-ABB5-5B57409AA16F}.Release|Any CPU.ActiveCfg = Release|Any CPU
		{3FF9DC1A-02FE-4CB1-ABB5-5B57409AA16F}.Release|Any CPU.Build.0 = Release|Any CPU
		{93399349-9B06-4E41-9EC3-2C0CEC94473F}.Debug|Any CPU.ActiveCfg = Debug|Any CPU
		{93399349-9B06-4E41-9EC3-2C0CEC94473F}.Debug|Any CPU.Build.0 = Debug|Any CPU
		{93399349-9B06-4E41-9EC3-2C0CEC94473F}.Release|Any CPU.ActiveCfg = Release|Any CPU
		{93399349-9B06-4E41-9EC3-2C0CEC94473F}.Release|Any CPU.Build.0 = Release|Any CPU
		{A8A515CA-D6FC-4D1E-B5CC-C24286BB7E52}.Debug|Any CPU.ActiveCfg = Debug|Any CPU
		{A8A515CA-D6FC-4D1E-B5CC-C24286BB7E52}.Debug|Any CPU.Build.0 = Debug|Any CPU
		{A8A515CA-D6FC-4D1E-B5CC-C24286BB7E52}.Release|Any CPU.ActiveCfg = Release|Any CPU
		{A8A515CA-D6FC-4D1E-B5CC-C24286BB7E52}.Release|Any CPU.Build.0 = Release|Any CPU
		{4EC91E55-C2F5-4DEE-8A30-9F29BE8385B0}.Debug|Any CPU.ActiveCfg = Debug|Any CPU
		{4EC91E55-C2F5-4DEE-8A30-9F29BE8385B0}.Debug|Any CPU.Build.0 = Debug|Any CPU
		{4EC91E55-C2F5-4DEE-8A30-9F29BE8385B0}.Release|Any CPU.ActiveCfg = Release|Any CPU
		{4EC91E55-C2F5-4DEE-8A30-9F29BE8385B0}.Release|Any CPU.Build.0 = Release|Any CPU
		{04242AE2-AAF0-410F-A79B-EBE916C0A5D4}.Debug|Any CPU.ActiveCfg = Debug|Any CPU
		{04242AE2-AAF0-410F-A79B-EBE916C0A5D4}.Debug|Any CPU.Build.0 = Debug|Any CPU
		{04242AE2-AAF0-410F-A79B-EBE916C0A5D4}.Release|Any CPU.ActiveCfg = Release|Any CPU
		{04242AE2-AAF0-410F-A79B-EBE916C0A5D4}.Release|Any CPU.Build.0 = Release|Any CPU
		{D572186D-DE21-494D-BA39-202FF207120C}.Debug|Any CPU.ActiveCfg = Debug|Any CPU
		{D572186D-DE21-494D-BA39-202FF207120C}.Debug|Any CPU.Build.0 = Debug|Any CPU
		{D572186D-DE21-494D-BA39-202FF207120C}.Release|Any CPU.ActiveCfg = Release|Any CPU
		{D572186D-DE21-494D-BA39-202FF207120C}.Release|Any CPU.Build.0 = Release|Any CPU
		{C3B057D7-691B-4C5F-A837-766500F237BF}.Debug|Any CPU.ActiveCfg = Debug|Any CPU
		{C3B057D7-691B-4C5F-A837-766500F237BF}.Debug|Any CPU.Build.0 = Debug|Any CPU
		{C3B057D7-691B-4C5F-A837-766500F237BF}.Release|Any CPU.ActiveCfg = Release|Any CPU
		{C3B057D7-691B-4C5F-A837-766500F237BF}.Release|Any CPU.Build.0 = Release|Any CPU
	EndGlobalSection
	GlobalSection(SolutionProperties) = preSolution
		HideSolutionNode = FALSE
	EndGlobalSection
EndGlobal
